{
  "nodes": {
    "flake-compat": {
      "flake": false,
      "locked": {
        "lastModified": 1696426674,
        "narHash": "sha256-kvjfFW7WAETZlt09AgDn1MrtKzP7t90Vf7vypd3OL1U=",
        "owner": "edolstra",
        "repo": "flake-compat",
        "rev": "0f9255e01c2351cc7d116c072cb317785dd33b33",
        "type": "github"
      },
      "original": {
        "owner": "edolstra",
        "repo": "flake-compat",
        "type": "github"
      }
    },
    "flake-compat_2": {
      "flake": false,
      "locked": {
        "lastModified": 1696426674,
        "narHash": "sha256-kvjfFW7WAETZlt09AgDn1MrtKzP7t90Vf7vypd3OL1U=",
        "owner": "edolstra",
        "repo": "flake-compat",
        "rev": "0f9255e01c2351cc7d116c072cb317785dd33b33",
        "type": "github"
      },
      "original": {
        "owner": "edolstra",
        "repo": "flake-compat",
        "type": "github"
      }
    },
    "flake-parts": {
      "inputs": {
        "nixpkgs-lib": [
          "neovim-nightly-overlay",
          "nixpkgs"
        ]
      },
      "locked": {
        "lastModified": 1719994518,
        "narHash": "sha256-pQMhCCHyQGRzdfAkdJ4cIWiw+JNuWsTX7f0ZYSyz0VY=",
        "owner": "hercules-ci",
        "repo": "flake-parts",
        "rev": "9227223f6d922fee3c7b190b2cc238a99527bbb7",
        "type": "github"
      },
      "original": {
        "owner": "hercules-ci",
        "repo": "flake-parts",
        "type": "github"
      }
    },
    "flake-parts_2": {
      "inputs": {
        "nixpkgs-lib": [
          "neovim-nightly-overlay",
          "hercules-ci-effects",
          "nixpkgs"
        ]
      },
      "locked": {
        "lastModified": 1712014858,
        "narHash": "sha256-sB4SWl2lX95bExY2gMFG5HIzvva5AVMJd4Igm+GpZNw=",
        "owner": "hercules-ci",
        "repo": "flake-parts",
        "rev": "9126214d0a59633752a136528f5f3b9aa8565b7d",
        "type": "github"
      },
      "original": {
        "id": "flake-parts",
        "type": "indirect"
      }
    },
    "flake-utils": {
      "inputs": {
        "systems": "systems"
      },
      "locked": {
        "lastModified": 1710146030,
        "narHash": "sha256-SZ5L6eA7HJ/nmkzGG7/ISclqe6oZdOZTNoesiInkXPQ=",
        "owner": "numtide",
        "repo": "flake-utils",
        "rev": "b1d9ab70662946ef0850d488da1c9019f3a9752a",
        "type": "github"
      },
      "original": {
        "owner": "numtide",
        "repo": "flake-utils",
        "type": "github"
      }
    },
    "flake-utils_2": {
      "inputs": {
        "systems": "systems_2"
      },
      "locked": {
        "lastModified": 1701680307,
        "narHash": "sha256-kAuep2h5ajznlPMD9rnQyffWG8EM/C73lejGofXvdM8=",
        "owner": "numtide",
        "repo": "flake-utils",
        "rev": "4022d587cbbfd70fe950c1e2083a02621806a725",
        "type": "github"
      },
      "original": {
        "owner": "numtide",
        "repo": "flake-utils",
        "type": "github"
      }
    },
    "git-hooks": {
      "inputs": {
        "flake-compat": "flake-compat_2",
        "gitignore": "gitignore",
        "nixpkgs": [
          "neovim-nightly-overlay",
          "nixpkgs"
        ],
        "nixpkgs-stable": [
          "neovim-nightly-overlay",
          "nixpkgs"
        ]
      },
      "locked": {
        "lastModified": 1721042469,
        "narHash": "sha256-6FPUl7HVtvRHCCBQne7Ylp4p+dpP3P/OYuzjztZ4s70=",
        "owner": "cachix",
        "repo": "git-hooks.nix",
        "rev": "f451c19376071a90d8c58ab1a953c6e9840527fd",
        "type": "github"
      },
      "original": {
        "owner": "cachix",
        "repo": "git-hooks.nix",
        "type": "github"
      }
    },
    "gitignore": {
      "inputs": {
        "nixpkgs": [
          "neovim-nightly-overlay",
          "git-hooks",
          "nixpkgs"
        ]
      },
      "locked": {
        "lastModified": 1709087332,
        "narHash": "sha256-HG2cCnktfHsKV0s4XW83gU3F57gaTljL9KNSuG6bnQs=",
        "owner": "hercules-ci",
        "repo": "gitignore.nix",
        "rev": "637db329424fd7e46cf4185293b9cc8c88c95394",
        "type": "github"
      },
      "original": {
        "owner": "hercules-ci",
        "repo": "gitignore.nix",
        "type": "github"
      }
    },
    "hercules-ci-effects": {
      "inputs": {
        "flake-parts": "flake-parts_2",
        "nixpkgs": [
          "neovim-nightly-overlay",
          "nixpkgs"
        ]
      },
      "locked": {
        "lastModified": 1719226092,
        "narHash": "sha256-YNkUMcCUCpnULp40g+svYsaH1RbSEj6s4WdZY/SHe38=",
        "owner": "hercules-ci",
        "repo": "hercules-ci-effects",
        "rev": "11e4b8dc112e2f485d7c97e1cee77f9958f498f5",
        "type": "github"
      },
      "original": {
        "owner": "hercules-ci",
        "repo": "hercules-ci-effects",
        "type": "github"
      }
    },
    "napalm": {
      "inputs": {
        "flake-utils": "flake-utils_2",
        "nixpkgs": [
          "nixpkgs"
        ]
      },
      "locked": {
        "lastModified": 1717929455,
        "narHash": "sha256-BiI5xWygriOJuNISnGAeL0KYxrEMnjgpg+7wDskVBhI=",
        "owner": "nix-community",
        "repo": "napalm",
        "rev": "e1babff744cd278b56abe8478008b4a9e23036cf",
        "type": "github"
      },
      "original": {
        "owner": "nix-community",
        "repo": "napalm",
        "type": "github"
      }
    },
    "neovim-nightly-overlay": {
      "inputs": {
        "flake-compat": "flake-compat",
        "flake-parts": "flake-parts",
        "git-hooks": "git-hooks",
        "hercules-ci-effects": "hercules-ci-effects",
        "neovim-src": "neovim-src",
        "nixpkgs": "nixpkgs"
      },
      "locked": {
        "lastModified": 1721628736,
        "narHash": "sha256-dIm/veBiLpclmij7FFXo6+23Swxxdj2nDPTMM3RzuYc=",
        "owner": "nix-community",
        "repo": "neovim-nightly-overlay",
        "rev": "464172e98eecf9a8079a9a381ffb75789d8c0e5e",
        "type": "github"
      },
      "original": {
        "owner": "nix-community",
        "repo": "neovim-nightly-overlay",
        "type": "github"
      }
    },
    "neovim-src": {
      "flake": false,
      "locked": {
        "lastModified": 1721572156,
        "narHash": "sha256-DyPWvLGftJ0kyrAtlInrztgJHZeB1kK317Icd9iRJKs=",
        "owner": "neovim",
        "repo": "neovim",
        "rev": "7381f0a1d517474dcf8d8d019cbda430ce4bff23",
        "type": "github"
      },
      "original": {
        "owner": "neovim",
        "repo": "neovim",
        "type": "github"
      }
    },
    "nix-cats": {
      "inputs": {
        "nixpkgs": [
          "nixpkgs"
        ]
      },
      "locked": {
        "lastModified": 1721578043,
        "narHash": "sha256-r6wyq1SHwFyh8oTh6RqA8F8Fq1YKCNYs3ugrjubnK4U=",
        "owner": "BirdeeHub",
        "repo": "nixCats-nvim",
        "rev": "d540ee7dd318a821f00a7de24698d9cedf1230fe",
        "type": "github"
      },
      "original": {
        "owner": "BirdeeHub",
        "repo": "nixCats-nvim",
        "type": "github"
      }
    },
    "nixpkgs": {
      "locked": {
        "lastModified": 1721559948,
        "narHash": "sha256-cFgdjyK/VBM3hB1RfFHXcI/VOCBVAv813s1upHKX7bI=",
        "owner": "NixOS",
        "repo": "nixpkgs",
        "rev": "c19d62ad2265b16e2199c5feb4650fe459ca1c46",
        "type": "github"
      },
      "original": {
        "owner": "NixOS",
        "ref": "nixpkgs-unstable",
        "repo": "nixpkgs",
        "type": "github"
      }
    },
    "nixpkgs_2": {
      "locked": {
        "lastModified": 1721559948,
        "narHash": "sha256-cFgdjyK/VBM3hB1RfFHXcI/VOCBVAv813s1upHKX7bI=",
        "owner": "nixos",
        "repo": "nixpkgs",
        "rev": "c19d62ad2265b16e2199c5feb4650fe459ca1c46",
        "type": "github"
      },
      "original": {
        "owner": "nixos",
        "ref": "nixpkgs-unstable",
        "repo": "nixpkgs",
        "type": "github"
      }
    },
    "plugins-cmp-pandoc-references": {
      "flake": false,
      "locked": {
        "lastModified": 1721660654,
        "narHash": "sha256-Ui7D/l6uTir/ojWNVTIp85008w7yVfHPoC9hMBKYO6A=",
        "owner": "Charging1948",
        "repo": "cmp-pandoc-references",
        "rev": "14107e9f7abeb6403ffd67fb5cf282618ce30a8d",
        "type": "github"
      },
      "original": {
        "owner": "Charging1948",
        "repo": "cmp-pandoc-references",
        "type": "github"
      }
    },
    "plugins-comment-highlights-nvim": {
      "flake": false,
      "locked": {
        "lastModified": 1689763515,
        "narHash": "sha256-oFVZl7eanVpG5T0Zu4v8mAvi7GZg+QSE5c2JnxjfA0w=",
        "owner": "leon-richardt",
        "repo": "comment-highlights.nvim",
        "rev": "b601b741d771932d01a7e7af2162f4b0404bb77a",
        "type": "github"
      },
      "original": {
        "owner": "leon-richardt",
        "repo": "comment-highlights.nvim",
        "type": "github"
      }
    },
    "plugins-gx-nvim": {
      "flake": false,
      "locked": {
        "lastModified": 1721552629,
        "narHash": "sha256-2Oek8PncbzFhyA7u8p/4cqzroVA6eJOr1+AUaZgHZMY=",
        "owner": "chrishrb",
        "repo": "gx.nvim",
        "rev": "d921f21f200113fd3201194aa9dddb033e83768a",
        "type": "github"
      },
      "original": {
        "owner": "chrishrb",
        "repo": "gx.nvim",
        "type": "github"
      }
    },
    "plugins-hlargs": {
      "flake": false,
      "locked": {
        "lastModified": 1719599291,
        "narHash": "sha256-UAB1vXypJye0UeOo64mHhTuTKcCbwB1AQDFarbLEUAo=",
        "owner": "m-demare",
        "repo": "hlargs.nvim",
        "rev": "cc0d9ee75e5ffba730393049119361b9e3a5b1b6",
        "type": "github"
      },
      "original": {
        "owner": "m-demare",
        "repo": "hlargs.nvim",
        "type": "github"
      }
    },
    "plugins-img-clip-nvim": {
      "flake": false,
      "locked": {
        "lastModified": 1717612998,
        "narHash": "sha256-z8gqQWbM0jFXSsv7I5eB2Yo1Lq2UsIcSm3AhxZbZi2A=",
        "owner": "HakonHarnes",
        "repo": "img-clip.nvim",
        "rev": "1924e20ab19afec9779109d083b6e5f8bee8fb17",
        "type": "github"
      },
      "original": {
        "owner": "HakonHarnes",
        "repo": "img-clip.nvim",
        "type": "github"
      }
    },
    "plugins-ltex-utils": {
      "flake": false,
      "locked": {
        "lastModified": 1691877017,
        "narHash": "sha256-3At3UNTsug0p+eBw9HeedrPRUq8YFBAVrFgQtOCaTqo=",
        "owner": "jhofscheier",
        "repo": "ltex-utils.nvim",
        "rev": "8c6ef83d5ba059725265825f72a329757216991c",
        "type": "github"
      },
      "original": {
        "owner": "jhofscheier",
        "repo": "ltex-utils.nvim",
        "type": "github"
      }
    },
    "plugins-luarocks-nvim": {
      "flake": false,
      "locked": {
        "lastModified": 1716914177,
        "narHash": "sha256-siqpyQLpxWYfZKxoPrflnCg8V5oTQcIXKrezjCgZfMM=",
        "owner": "vhyrro",
        "repo": "luarocks.nvim",
        "rev": "1db9093915eb16ba2473cfb8d343ace5ee04130a",
        "type": "github"
      },
      "original": {
        "owner": "vhyrro",
        "repo": "luarocks.nvim",
        "type": "github"
      }
    },
    "plugins-luvit-meta": {
      "flake": false,
      "locked": {
        "lastModified": 1705776742,
        "narHash": "sha256-zAAptV/oLuLAAsa2zSB/6fxlElk4+jNZd/cPr9oxFig=",
        "owner": "Bilal2453",
        "repo": "luvit-meta",
        "rev": "ce76f6f6cdc9201523a5875a4471dcfe0186eb60",
        "type": "github"
      },
      "original": {
        "owner": "Bilal2453",
        "repo": "luvit-meta",
        "type": "github"
      }
    },
    "plugins-none-ls-extras-nvim": {
      "flake": false,
      "locked": {
        "lastModified": 1721052987,
        "narHash": "sha256-BmMdAX3VBPCeL3SbiIkJ5PT8lc7nS/F/zWHoneUQ9ro=",
        "owner": "nvimtools",
        "repo": "none-ls-extras.nvim",
        "rev": "059bb6561b8f5ff99a7acc9262b557ebbe5c34ec",
        "type": "github"
      },
      "original": {
        "owner": "nvimtools",
        "repo": "none-ls-extras.nvim",
        "type": "github"
      }
    },
    "plugins-nvim-nio": {
      "flake": false,
      "locked": {
        "lastModified": 1720707425,
        "narHash": "sha256-i6imNTb1xrfBlaeOyxyIwAZ/+o6ew9C4/z34a7/BgFg=",
        "owner": "nvim-neotest",
        "repo": "nvim-nio",
        "rev": "a428f309119086dc78dd4b19306d2d67be884eee",
        "type": "github"
      },
      "original": {
        "owner": "nvim-neotest",
        "repo": "nvim-nio",
        "type": "github"
      }
    },
    "plugins-refactoring-nvim": {
      "flake": false,
      "locked": {
        "lastModified": 1721620180,
        "narHash": "sha256-G7fFsJqX0CmFjYNMGrWpeSN8pByxQlhT2tLHNQ8SqsY=",
        "owner": "ThePrimeagen",
        "repo": "refactoring.nvim",
        "rev": "1c2b889fd494d7f0f4fcc1b0dacd7e8d4b3d9fbe",
        "type": "github"
      },
      "original": {
        "owner": "ThePrimeagen",
        "repo": "refactoring.nvim",
        "type": "github"
      }
    },
    "plugins-ts-node-action": {
      "flake": false,
      "locked": {
        "lastModified": 1714469098,
        "narHash": "sha256-kOXH3r+V+DAxoATSnZepEAekrkO1TezKSkONuQ3Kzu4=",
        "owner": "CKolkey",
        "repo": "ts-node-action",
        "rev": "6d3b60754fd87963d70eadaa2f77873b447eac26",
        "type": "github"
      },
      "original": {
        "owner": "CKolkey",
        "repo": "ts-node-action",
        "type": "github"
      }
    },
    "root": {
      "inputs": {
        "flake-utils": "flake-utils",
        "napalm": "napalm",
        "neovim-nightly-overlay": "neovim-nightly-overlay",
        "nix-cats": "nix-cats",
        "nixpkgs": "nixpkgs_2",
        "plugins-cmp-pandoc-references": "plugins-cmp-pandoc-references",
        "plugins-comment-highlights-nvim": "plugins-comment-highlights-nvim",
        "plugins-gx-nvim": "plugins-gx-nvim",
        "plugins-hlargs": "plugins-hlargs",
        "plugins-img-clip-nvim": "plugins-img-clip-nvim",
        "plugins-ltex-utils": "plugins-ltex-utils",
        "plugins-luarocks-nvim": "plugins-luarocks-nvim",
        "plugins-luvit-meta": "plugins-luvit-meta",
        "plugins-none-ls-extras-nvim": "plugins-none-ls-extras-nvim",
        "plugins-nvim-nio": "plugins-nvim-nio",
        "plugins-refactoring-nvim": "plugins-refactoring-nvim",
        "plugins-ts-node-action": "plugins-ts-node-action"
      }
    },
    "systems": {
      "locked": {
        "lastModified": 1681028828,
        "narHash": "sha256-Vy1rq5AaRuLzOxct8nz4T6wlgyUR7zLU309k9mBC768=",
        "owner": "nix-systems",
        "repo": "default",
        "rev": "da67096a3b9bf56a91d16901293e51ba5b49a27e",
        "type": "github"
      },
      "original": {
        "owner": "nix-systems",
        "repo": "default",
        "type": "github"
      }
    },
    "systems_2": {
      "locked": {
        "lastModified": 1681028828,
        "narHash": "sha256-Vy1rq5AaRuLzOxct8nz4T6wlgyUR7zLU309k9mBC768=",
        "owner": "nix-systems",
        "repo": "default",
        "rev": "da67096a3b9bf56a91d16901293e51ba5b49a27e",
        "type": "github"
      },
      "original": {
        "owner": "nix-systems",
        "repo": "default",
        "type": "github"
      }
    }
  },
  "root": "root",
  "version": 7
}
